{
  "originHash" : "af7e4722b17b2562bc95e28779e9fd3f182d679ea2ce0d410fd7d5f6f4acd084",
  "pins" : [
    {
      "identity" : "harmonize",
      "kind" : "remoteSourceControl",
      "location" : "https://github.com/perrystreetsoftware/Harmonize",
      "state" : {
        "revision" : "e8d20b57d4b77bdc80e6fbf2ac182fc704771050",
        "version" : "0.1.0"
      }
    },
    {
      "identity" : "swift-syntax",
      "kind" : "remoteSourceControl",
      "location" : "https://github.com/swiftlang/swift-syntax.git",
      "state" : {
        "revision" : "64889f0c732f210a935a0ad7cda38f77f876262d",
        "version" : "509.1.1"
      }
    },
    {
      "identity" : "yams",
      "kind" : "remoteSourceControl",
      "location" : "https://github.com/jpsim/Yams.git",
      "state" : {
        "revision" : "b4b8042411dc7bbb696300a34a4bf3ba1b7ad19b",
        "version" : "5.3.1"
      }
    }
  ],
  "version" : 3
}
