{
  "originHash" : "76a4027a77c8d98efc17e8515578719fc0e29b5efa1d3b2002aeec46bbf3c653",
  "pins" : [
    {
      "identity" : "coffee-kit",
      "kind" : "remoteSourceControl",
      "location" : "https://github.com/CodebyCR/coffee-kit",
      "state" : {
        "branch" : "main",
        "revision" : "5b21dbd6f2f5840b72075aa6e0489fdb228d3370"
      }
    },
    {
      "identity" : "harmonize",
      "kind" : "remoteSourceControl",
      "location" : "https://github.com/perrystreetsoftware/Harmonize",
      "state" : {
        "revision" : "40353d4656c90b50bb7a03467dfc19dad22b1f8a",
        "version" : "1.0.0"
      }
    },
    {
      "identity" : "swift-syntax",
      "kind" : "remoteSourceControl",
      "location" : "https://github.com/swiftlang/swift-syntax.git",
      "state" : {
        "revision" : "f99ae8aa18f0cf0d53481901f88a0991dc3bd4a2",
        "version" : "601.0.1"
      }
    },
    {
      "identity" : "yams",
      "kind" : "remoteSourceControl",
      "location" : "https://github.com/jpsim/Yams.git",
      "state" : {
        "revision" : "3d6871d5b4a5cd519adf233fbb576e0a2af71c17",
        "version" : "5.4.0"
      }
    }
  ],
  "version" : 3
}
