// !$*UTF8*$!
{
	archiveVersion = 1;
	classes = {
	};
	objectVersion = 77;
	objects = {

/* Begin PBXBuildFile section */
		839B8A172FABA2B700983A02 /* AuthenticationKit in Frameworks */ = {isa = PBXBuildFile; productRef = 839B8A162FABA2B700983A02 /* AuthenticationKit */; };
		839B8A192FABA2B700983A02 /* FoundationKit in Frameworks */ = {isa = PBXBuildFile; productRef = 839B8A182FABA2B700983A02 /* FoundationKit */; };
		839B8A1B2FABA2B700983A02 /* ImageKit in Frameworks */ = {isa = PBXBuildFile; productRef = 839B8A1A2FABA2B700983A02 /* ImageKit */; };
		839B8A1D2FABA2B700983A02 /* OrderKit in Frameworks */ = {isa = PBXBuildFile; productRef = 839B8A1C2FABA2B700983A02 /* OrderKit */; };
		839B8A1F2FABA2B700983A02 /* ProductKit in Frameworks */ = {isa = PBXBuildFile; productRef = 839B8A1E2FABA2B700983A02 /* ProductKit */; };
		83D15C7A2FAF4F720037BA48 /* .harmonize.yaml in Resources */ = {isa = PBXBuildFile; fileRef = 8ECD190F2DC7D5AF00111EEF /* .harmonize.yaml */; };
		83D15C8E2FAF53780037BA48 /* Harmonize in Frameworks */ = {isa = PBXBuildFile; productRef = 83D15C8D2FAF53780037BA48 /* Harmonize */; };
		83D15C902FAF53780037BA48 /* HarmonizeSemantics in Frameworks */ = {isa = PBXBuildFile; productRef = 83D15C8F2FAF53780037BA48 /* HarmonizeSemantics */; };
		83D15C922FAF53780037BA48 /* HarmonizeUtils in Frameworks */ = {isa = PBXBuildFile; productRef = 83D15C912FAF53780037BA48 /* HarmonizeUtils */; };
		8E43F27C2D8756AD0051D32B /* ReadMe.md in Resources */ = {isa = PBXBuildFile; fileRef = 8E43F27B2D8756AD0051D32B /* ReadMe.md */; };
/* End PBXBuildFile section */

/* Begin PBXBuildRule section */
		8EBBEA512D3D5749001C5637 /* PBXBuildRule */ = {
			isa = PBXBuildRule;
			compilerSpec = com.apple.compilers.proxy.script;
			fileType = folder.rkassets;
			inputFiles = (
			);
			isEditable = 1;
			outputFiles = (
			);
			script = "# realitytool\n";
		};
/* End PBXBuildRule section */

/* Begin PBXContainerItemProxy section */
		83D15C832FAF526B0037BA48 /* PBXContainerItemProxy */ = {
			isa = PBXContainerItemProxy;
			containerPortal = 8E2C695B2CC4F86B004B334D /* Project object */;
			proxyType = 1;
			remoteGlobalIDString = 8E2C69622CC4F86C004B334D;
			remoteInfo = "Coffee Lover";
		};
		8E2C697E2CC4F86F004B334D /* PBXContainerItemProxy */ = {
			isa = PBXContainerItemProxy;
			containerPortal = 8E2C695B2CC4F86B004B334D /* Project object */;
			proxyType = 1;
			remoteGlobalIDString = 8E2C69622CC4F86C004B334D;
			remoteInfo = "Coffee Lover";
		};
/* End PBXContainerItemProxy section */

/* Begin PBXCopyFilesBuildPhase section */
		83D15C792FAE70E50037BA48 /* Embed Frameworks */ = {
			isa = PBXCopyFilesBuildPhase;
			buildActionMask = 2147483647;
			dstPath = "";
			dstSubfolderSpec = 10;
			files = (
			);
			name = "Embed Frameworks";
			runOnlyForDeploymentPostprocessing = 0;
		};
/* End PBXCopyFilesBuildPhase section */

/* Begin PBXFileReference section */
		83D15C7F2FAF526B0037BA48 /* Coffee LoverTests.xctest */ = {isa = PBXFileReference; explicitFileType = wrapper.cfbundle; includeInIndex = 0; path = "Coffee LoverTests.xctest"; sourceTree = BUILT_PRODUCTS_DIR; };
		8E2C69632CC4F86C004B334D /* Coffee Lover.app */ = {isa = PBXFileReference; explicitFileType = wrapper.application; includeInIndex = 0; path = "Coffee Lover.app"; sourceTree = BUILT_PRODUCTS_DIR; };
		8E2C697D2CC4F86F004B334D /* Coffee LoverUITests.xctest */ = {isa = PBXFileReference; explicitFileType = wrapper.cfbundle; includeInIndex = 0; path = "Coffee LoverUITests.xctest"; sourceTree = BUILT_PRODUCTS_DIR; };
		8E43F27B2D8756AD0051D32B /* ReadMe.md */ = {isa = PBXFileReference; lastKnownFileType = net.daringfireball.markdown; path = ReadMe.md; sourceTree = "<group>"; };
		8ECD190F2DC7D5AF00111EEF /* .harmonize.yaml */ = {isa = PBXFileReference; lastKnownFileType = text.yaml; path = .harmonize.yaml; sourceTree = "<group>"; };
/* End PBXFileReference section */

/* Begin PBXFileSystemSynchronizedRootGroup section */
		83D15C802FAF526B0037BA48 /* Coffee LoverTests */ = {
			isa = PBXFileSystemSynchronizedRootGroup;
			path = "Coffee LoverTests";
			sourceTree = "<group>";
		};
		8E2C69652CC4F86C004B334D /* Coffee Lover */ = {
			isa = PBXFileSystemSynchronizedRootGroup;
			path = "Coffee Lover";
			sourceTree = "<group>";
		};
		8E2C69802CC4F86F004B334D /* Coffee LoverUITests */ = {
			isa = PBXFileSystemSynchronizedRootGroup;
			path = "Coffee LoverUITests";
			sourceTree = "<group>";
		};
		8E43F2782D8755C60051D32B /* Preview */ = {
			isa = PBXFileSystemSynchronizedRootGroup;
			path = Preview;
			sourceTree = "<group>";
		};
/* End PBXFileSystemSynchronizedRootGroup section */

/* Begin PBXFrameworksBuildPhase section */
		83D15C7C2FAF526B0037BA48 /* Frameworks */ = {
			isa = PBXFrameworksBuildPhase;
			buildActionMask = 2147483647;
			files = (
				83D15C922FAF53780037BA48 /* HarmonizeUtils in Frameworks */,
				83D15C902FAF53780037BA48 /* HarmonizeSemantics in Frameworks */,
				83D15C8E2FAF53780037BA48 /* Harmonize in Frameworks */,
			);
			runOnlyForDeploymentPostprocessing = 0;
		};
		8E2C69602CC4F86C004B334D /* Frameworks */ = {
			isa = PBXFrameworksBuildPhase;
			buildActionMask = 2147483647;
			files = (
				839B8A1F2FABA2B700983A02 /* ProductKit in Frameworks */,
				839B8A1D2FABA2B700983A02 /* OrderKit in Frameworks */,
				839B8A192FABA2B700983A02 /* FoundationKit in Frameworks */,
				839B8A172FABA2B700983A02 /* AuthenticationKit in Frameworks */,
				839B8A1B2FABA2B700983A02 /* ImageKit in Frameworks */,
			);
			runOnlyForDeploymentPostprocessing = 0;
		};
		8E2C697A2CC4F86F004B334D /* Frameworks */ = {
			isa = PBXFrameworksBuildPhase;
			buildActionMask = 2147483647;
			files = (
			);
			runOnlyForDeploymentPostprocessing = 0;
		};
/* End PBXFrameworksBuildPhase section */

/* Begin PBXGroup section */
		8E2C695A2CC4F86B004B334D = {
			isa = PBXGroup;
			children = (
				8E43F27B2D8756AD0051D32B /* ReadMe.md */,
				8ECD190F2DC7D5AF00111EEF /* .harmonize.yaml */,
				8E2C69652CC4F86C004B334D /* Coffee Lover */,
				8E2C69802CC4F86F004B334D /* Coffee LoverUITests */,
				8E43F2782D8755C60051D32B /* Preview */,
				83D15C802FAF526B0037BA48 /* Coffee LoverTests */,
				8E2C69642CC4F86C004B334D /* Products */,
			);
			sourceTree = "<group>";
		};
		8E2C69642CC4F86C004B334D /* Products */ = {
			isa = PBXGroup;
			children = (
				8E2C69632CC4F86C004B334D /* Coffee Lover.app */,
				8E2C697D2CC4F86F004B334D /* Coffee LoverUITests.xctest */,
				83D15C7F2FAF526B0037BA48 /* Coffee LoverTests.xctest */,
			);
			name = Products;
			sourceTree = "<group>";
		};
/* End PBXGroup section */

/* Begin PBXNativeTarget section */
		83D15C7E2FAF526B0037BA48 /* Coffee LoverTests */ = {
			isa = PBXNativeTarget;
			buildConfigurationList = 83D15C852FAF526B0037BA48 /* Build configuration list for PBXNativeTarget "Coffee LoverTests" */;
			buildPhases = (
				83D15C7B2FAF526B0037BA48 /* Sources */,
				83D15C7C2FAF526B0037BA48 /* Frameworks */,
				83D15C7D2FAF526B0037BA48 /* Resources */,
			);
			buildRules = (
			);
			dependencies = (
				83D15C842FAF526B0037BA48 /* PBXTargetDependency */,
			);
			fileSystemSynchronizedGroups = (
				83D15C802FAF526B0037BA48 /* Coffee LoverTests */,
			);
			name = "Coffee LoverTests";
			packageProductDependencies = (
				83D15C8D2FAF53780037BA48 /* Harmonize */,
				83D15C8F2FAF53780037BA48 /* HarmonizeSemantics */,
				83D15C912FAF53780037BA48 /* HarmonizeUtils */,
			);
			productName = "Coffee LoverTests";
			productReference = 83D15C7F2FAF526B0037BA48 /* Coffee LoverTests.xctest */;
			productType = "com.apple.product-type.bundle.unit-test";
		};
		8E2C69622CC4F86C004B334D /* Coffee Lover */ = {
			isa = PBXNativeTarget;
			buildConfigurationList = 8E2C69872CC4F86F004B334D /* Build configuration list for PBXNativeTarget "Coffee Lover" */;
			buildPhases = (
				8E2C695F2CC4F86C004B334D /* Sources */,
				8E2C69602CC4F86C004B334D /* Frameworks */,
				8E2C69612CC4F86C004B334D /* Resources */,
				83D15C792FAE70E50037BA48 /* Embed Frameworks */,
			);
			buildRules = (
				8EBBEA512D3D5749001C5637 /* PBXBuildRule */,
			);
			dependencies = (
			);
			fileSystemSynchronizedGroups = (
				8E2C69652CC4F86C004B334D /* Coffee Lover */,
				8E43F2782D8755C60051D32B /* Preview */,
			);
			name = "Coffee Lover";
			packageProductDependencies = (
				839B8A162FABA2B700983A02 /* AuthenticationKit */,
				839B8A182FABA2B700983A02 /* FoundationKit */,
				839B8A1A2FABA2B700983A02 /* ImageKit */,
				839B8A1C2FABA2B700983A02 /* OrderKit */,
				839B8A1E2FABA2B700983A02 /* ProductKit */,
			);
			productName = "Coffee Lover";
			productReference = 8E2C69632CC4F86C004B334D /* Coffee Lover.app */;
			productType = "com.apple.product-type.application";
		};
		8E2C697C2CC4F86F004B334D /* Coffee LoverUITests */ = {
			isa = PBXNativeTarget;
			buildConfigurationList = 8E2C698D2CC4F86F004B334D /* Build configuration list for PBXNativeTarget "Coffee LoverUITests" */;
			buildPhases = (
				8E2C69792CC4F86F004B334D /* Sources */,
				8E2C697A2CC4F86F004B334D /* Frameworks */,
				8E2C697B2CC4F86F004B334D /* Resources */,
			);
			buildRules = (
			);
			dependencies = (
				8E2C697F2CC4F86F004B334D /* PBXTargetDependency */,
			);
			fileSystemSynchronizedGroups = (
				8E2C69802CC4F86F004B334D /* Coffee LoverUITests */,
			);
			name = "Coffee LoverUITests";
			packageProductDependencies = (
			);
			productName = "Coffee LoverUITests";
			productReference = 8E2C697D2CC4F86F004B334D /* Coffee LoverUITests.xctest */;
			productType = "com.apple.product-type.bundle.ui-testing";
		};
/* End PBXNativeTarget section */

/* Begin PBXProject section */
		8E2C695B2CC4F86B004B334D /* Project object */ = {
			isa = PBXProject;
			attributes = {
				BuildIndependentTargetsInParallel = 1;
				LastSwiftUpdateCheck = 2640;
				LastUpgradeCheck = 1600;
				TargetAttributes = {
					83D15C7E2FAF526B0037BA48 = {
						CreatedOnToolsVersion = 26.4.1;
						TestTargetID = 8E2C69622CC4F86C004B334D;
					};
					8E2C69622CC4F86C004B334D = {
						CreatedOnToolsVersion = 16.0;
					};
					8E2C697C2CC4F86F004B334D = {
						CreatedOnToolsVersion = 16.0;
						TestTargetID = 8E2C69622CC4F86C004B334D;
					};
				};
			};
			buildConfigurationList = 8E2C695E2CC4F86B004B334D /* Build configuration list for PBXProject "Coffee Lover" */;
			developmentRegion = en;
			hasScannedForEncodings = 0;
			knownRegions = (
				en,
				Base,
			);
			mainGroup = 8E2C695A2CC4F86B004B334D;
			minimizedProjectReferenceProxies = 1;
			packageReferences = (
				839B8A152FABA2B700983A02 /* XCRemoteSwiftPackageReference "coffee-kit" */,
				83D15C8C2FAF53780037BA48 /* XCRemoteSwiftPackageReference "Harmonize" */,
			);
			preferredProjectObjectVersion = 77;
			productRefGroup = 8E2C69642CC4F86C004B334D /* Products */;
			projectDirPath = "";
			projectRoot = "";
			targets = (
				8E2C69622CC4F86C004B334D /* Coffee Lover */,
				8E2C697C2CC4F86F004B334D /* Coffee LoverUITests */,
				83D15C7E2FAF526B0037BA48 /* Coffee LoverTests */,
			);
		};
/* End PBXProject section */

/* Begin PBXResourcesBuildPhase section */
		83D15C7D2FAF526B0037BA48 /* Resources */ = {
			isa = PBXResourcesBuildPhase;
			buildActionMask = 2147483647;
			files = (
			);
			runOnlyForDeploymentPostprocessing = 0;
		};
		8E2C69612CC4F86C004B334D /* Resources */ = {
			isa = PBXResourcesBuildPhase;
			buildActionMask = 2147483647;
			files = (
				83D15C7A2FAF4F720037BA48 /* .harmonize.yaml in Resources */,
				8E43F27C2D8756AD0051D32B /* ReadMe.md in Resources */,
			);
			runOnlyForDeploymentPostprocessing = 0;
		};
		8E2C697B2CC4F86F004B334D /* Resources */ = {
			isa = PBXResourcesBuildPhase;
			buildActionMask = 2147483647;
			files = (
			);
			runOnlyForDeploymentPostprocessing = 0;
		};
/* End PBXResourcesBuildPhase section */

/* Begin PBXSourcesBuildPhase section */
		83D15C7B2FAF526B0037BA48 /* Sources */ = {
			isa = PBXSourcesBuildPhase;
			buildActionMask = 2147483647;
			files = (
			);
			runOnlyForDeploymentPostprocessing = 0;
		};
		8E2C695F2CC4F86C004B334D /* Sources */ = {
			isa = PBXSourcesBuildPhase;
			buildActionMask = 2147483647;
			files = (
			);
			runOnlyForDeploymentPostprocessing = 0;
		};
		8E2C69792CC4F86F004B334D /* Sources */ = {
			isa = PBXSourcesBuildPhase;
			buildActionMask = 2147483647;
			files = (
			);
			runOnlyForDeploymentPostprocessing = 0;
		};
/* End PBXSourcesBuildPhase section */

/* Begin PBXTargetDependency section */
		83D15C842FAF526B0037BA48 /* PBXTargetDependency */ = {
			isa = PBXTargetDependency;
			target = 8E2C69622CC4F86C004B334D /* Coffee Lover */;
			targetProxy = 83D15C832FAF526B0037BA48 /* PBXContainerItemProxy */;
		};
		8E2C697F2CC4F86F004B334D /* PBXTargetDependency */ = {
			isa = PBXTargetDependency;
			target = 8E2C69622CC4F86C004B334D /* Coffee Lover */;
			targetProxy = 8E2C697E2CC4F86F004B334D /* PBXContainerItemProxy */;
		};
/* End PBXTargetDependency section */

/* Begin XCBuildConfiguration section */
		83D15C862FAF526B0037BA48 /* Debug */ = {
			isa = XCBuildConfiguration;
			buildSettings = {
				BUNDLE_LOADER = "$(TEST_HOST)";
				CODE_SIGN_STYLE = Automatic;
				CURRENT_PROJECT_VERSION = 1;
				DEVELOPMENT_TEAM = 5JFNMP7X7J;
				GENERATE_INFOPLIST_FILE = YES;
				IPHONEOS_DEPLOYMENT_TARGET = 26.4;
				MARKETING_VERSION = 1.0;
				PRODUCT_BUNDLE_IDENTIFIER = "com.CodeByCR.github.Coffee-LoverTests";
				PRODUCT_NAME = "$(TARGET_NAME)";
				STRING_CATALOG_GENERATE_SYMBOLS = NO;
				SWIFT_APPROACHABLE_CONCURRENCY = YES;
				SWIFT_EMIT_LOC_STRINGS = NO;
				SWIFT_UPCOMING_FEATURE_MEMBER_IMPORT_VISIBILITY = YES;
				SWIFT_VERSION = 5.0;
				TARGETED_DEVICE_FAMILY = "1,2";
				TEST_HOST = "$(BUILT_PRODUCTS_DIR)/Coffee Lover.app/$(BUNDLE_EXECUTABLE_FOLDER_PATH)/Coffee Lover";
			};
			name = Debug;
		};
		83D15C872FAF526B0037BA48 /* Release */ = {
			isa = XCBuildConfiguration;
			buildSettings = {
				BUNDLE_LOADER = "$(TEST_HOST)";
				CODE_SIGN_STYLE = Automatic;
				CURRENT_PROJECT_VERSION = 1;
				DEVELOPMENT_TEAM = 5JFNMP7X7J;
				GENERATE_INFOPLIST_FILE = YES;
				IPHONEOS_DEPLOYMENT_TARGET = 26.4;
				MARKETING_VERSION = 1.0;
				PRODUCT_BUNDLE_IDENTIFIER = "com.CodeByCR.github.Coffee-LoverTests";
				PRODUCT_NAME = "$(TARGET_NAME)";
				STRING_CATALOG_GENERATE_SYMBOLS = NO;
				SWIFT_APPROACHABLE_CONCURRENCY = YES;
				SWIFT_EMIT_LOC_STRINGS = NO;
				SWIFT_UPCOMING_FEATURE_MEMBER_IMPORT_VISIBILITY = YES;
				SWIFT_VERSION = 5.0;
				TARGETED_DEVICE_FAMILY = "1,2";
				TEST_HOST = "$(BUILT_PRODUCTS_DIR)/Coffee Lover.app/$(BUNDLE_EXECUTABLE_FOLDER_PATH)/Coffee Lover";
			};
			name = Release;
		};
		8E2C69852CC4F86F004B334D /* Debug */ = {
			isa = XCBuildConfiguration;
			buildSettings = {
				ALWAYS_SEARCH_USER_PATHS = NO;
				ASSETCATALOG_COMPILER_GENERATE_SWIFT_ASSET_SYMBOL_EXTENSIONS = YES;
				CLANG_ANALYZER_NONNULL = YES;
				CLANG_ANALYZER_NUMBER_OBJECT_CONVERSION = YES_AGGRESSIVE;
				CLANG_CXX_LANGUAGE_STANDARD = "gnu++20";
				CLANG_ENABLE_MODULES = YES;
				CLANG_ENABLE_OBJC_ARC = YES;
				CLANG_ENABLE_OBJC_WEAK = YES;
				CLANG_WARN_BLOCK_CAPTURE_AUTORELEASING = YES;
				CLANG_WARN_BOOL_CONVERSION = YES;
				CLANG_WARN_COMMA = YES;
				CLANG_WARN_CONSTANT_CONVERSION = YES;
				CLANG_WARN_DEPRECATED_OBJC_IMPLEMENTATIONS = YES;
				CLANG_WARN_DIRECT_OBJC_ISA_USAGE = YES_ERROR;
				CLANG_WARN_DOCUMENTATION_COMMENTS = YES;
				CLANG_WARN_EMPTY_BODY = YES;
				CLANG_WARN_ENUM_CONVERSION = YES;
				CLANG_WARN_INFINITE_RECURSION = YES;
				CLANG_WARN_INT_CONVERSION = YES;
				CLANG_WARN_NON_LITERAL_NULL_CONVERSION = YES;
				CLANG_WARN_OBJC_IMPLICIT_RETAIN_SELF = YES;
				CLANG_WARN_OBJC_LITERAL_CONVERSION = YES;
				CLANG_WARN_OBJC_ROOT_CLASS = YES_ERROR;
				CLANG_WARN_QUOTED_INCLUDE_IN_FRAMEWORK_HEADER = YES;
				CLANG_WARN_RANGE_LOOP_ANALYSIS = YES;
				CLANG_WARN_STRICT_PROTOTYPES = YES;
				CLANG_WARN_SUSPICIOUS_MOVE = YES;
				CLANG_WARN_UNGUARDED_AVAILABILITY = YES_AGGRESSIVE;
				CLANG_WARN_UNREACHABLE_CODE = YES;
				CLANG_WARN__DUPLICATE_METHOD_MATCH = YES;
				COPY_PHASE_STRIP = NO;
				DEBUG_INFORMATION_FORMAT = dwarf;
				ENABLE_STRICT_OBJC_MSGSEND = YES;
				ENABLE_TESTABILITY = YES;
				ENABLE_USER_SCRIPT_SANDBOXING = YES;
				GCC_C_LANGUAGE_STANDARD = gnu17;
				GCC_DYNAMIC_NO_PIC = NO;
				GCC_NO_COMMON_BLOCKS = YES;
				GCC_OPTIMIZATION_LEVEL = 0;
				GCC_PREPROCESSOR_DEFINITIONS = (
					"DEBUG=1",
					"$(inherited)",
				);
				GCC_WARN_64_TO_32_BIT_CONVERSION = YES;
				GCC_WARN_ABOUT_RETURN_TYPE = YES_ERROR;
				GCC_WARN_UNDECLARED_SELECTOR = YES;
				GCC_WARN_UNINITIALIZED_AUTOS = YES_AGGRESSIVE;
				GCC_WARN_UNUSED_FUNCTION = YES;
				GCC_WARN_UNUSED_VARIABLE = YES;
				IPHONEOS_DEPLOYMENT_TARGET = 18.0;
				LOCALIZATION_PREFERS_STRING_CATALOGS = YES;
				MTL_ENABLE_DEBUG_INFO = INCLUDE_SOURCE;
				MTL_FAST_MATH = YES;
				ONLY_ACTIVE_ARCH = YES;
				SDKROOT = iphoneos;
				SWIFT_ACTIVE_COMPILATION_CONDITIONS = "DEBUG $(inherited)";
				SWIFT_OPTIMIZATION_LEVEL = "-Onone";
				SWIFT_VERSION = 6.0;
			};
			name = Debug;
		};
		8E2C69862CC4F86F004B334D /* Release */ = {
			isa = XCBuildConfiguration;
			buildSettings = {
				ALWAYS_SEARCH_USER_PATHS = NO;
				ASSETCATALOG_COMPILER_GENERATE_SWIFT_ASSET_SYMBOL_EXTENSIONS = YES;
				CLANG_ANALYZER_NONNULL = YES;
				CLANG_ANALYZER_NUMBER_OBJECT_CONVERSION = YES_AGGRESSIVE;
				CLANG_CXX_LANGUAGE_STANDARD = "gnu++20";
				CLANG_ENABLE_MODULES = YES;
				CLANG_ENABLE_OBJC_ARC = YES;
				CLANG_ENABLE_OBJC_WEAK = YES;
				CLANG_WARN_BLOCK_CAPTURE_AUTORELEASING = YES;
				CLANG_WARN_BOOL_CONVERSION = YES;
				CLANG_WARN_COMMA = YES;
				CLANG_WARN_CONSTANT_CONVERSION = YES;
				CLANG_WARN_DEPRECATED_OBJC_IMPLEMENTATIONS = YES;
				CLANG_WARN_DIRECT_OBJC_ISA_USAGE = YES_ERROR;
				CLANG_WARN_DOCUMENTATION_COMMENTS = YES;
				CLANG_WARN_EMPTY_BODY = YES;
				CLANG_WARN_ENUM_CONVERSION = YES;
				CLANG_WARN_INFINITE_RECURSION = YES;
				CLANG_WARN_INT_CONVERSION = YES;
				CLANG_WARN_NON_LITERAL_NULL_CONVERSION = YES;
				CLANG_WARN_OBJC_IMPLICIT_RETAIN_SELF = YES;
				CLANG_WARN_OBJC_LITERAL_CONVERSION = YES;
				CLANG_WARN_OBJC_ROOT_CLASS = YES_ERROR;
				CLANG_WARN_QUOTED_INCLUDE_IN_FRAMEWORK_HEADER = YES;
				CLANG_WARN_RANGE_LOOP_ANALYSIS = YES;
				CLANG_WARN_STRICT_PROTOTYPES = YES;
				CLANG_WARN_SUSPICIOUS_MOVE = YES;
				CLANG_WARN_UNGUARDED_AVAILABILITY = YES_AGGRESSIVE;
				CLANG_WARN_UNREACHABLE_CODE = YES;
				CLANG_WARN__DUPLICATE_METHOD_MATCH = YES;
				COPY_PHASE_STRIP = NO;
				DEBUG_INFORMATION_FORMAT = "dwarf-with-dsym";
				ENABLE_NS_ASSERTIONS = NO;
				ENABLE_STRICT_OBJC_MSGSEND = YES;
				ENABLE_USER_SCRIPT_SANDBOXING = YES;
				GCC_C_LANGUAGE_STANDARD = gnu17;
				GCC_NO_COMMON_BLOCKS = YES;
				GCC_WARN_64_TO_32_BIT_CONVERSION = YES;
				GCC_WARN_ABOUT_RETURN_TYPE = YES_ERROR;
				GCC_WARN_UNDECLARED_SELECTOR = YES;
				GCC_WARN_UNINITIALIZED_AUTOS = YES_AGGRESSIVE;
				GCC_WARN_UNUSED_FUNCTION = YES;
				GCC_WARN_UNUSED_VARIABLE = YES;
				IPHONEOS_DEPLOYMENT_TARGET = 18.0;
				LOCALIZATION_PREFERS_STRING_CATALOGS = YES;
				MTL_ENABLE_DEBUG_INFO = NO;
				MTL_FAST_MATH = YES;
				SDKROOT = iphoneos;
				SWIFT_COMPILATION_MODE = wholemodule;
				SWIFT_VERSION = 6.0;
				VALIDATE_PRODUCT = YES;
			};
			name = Release;
		};
		8E2C69882CC4F86F004B334D /* Debug */ = {
			isa = XCBuildConfiguration;
			buildSettings = {
				ASSETCATALOG_COMPILER_APPICON_NAME = AppIcon;
				ASSETCATALOG_COMPILER_GLOBAL_ACCENT_COLOR_NAME = AccentColor;
				CODE_SIGN_STYLE = Automatic;
				CURRENT_PROJECT_VERSION = 1;
				DEVELOPMENT_ASSET_PATHS = "\"Coffee Lover/Preview Content\"";
				DEVELOPMENT_TEAM = 5JFNMP7X7J;
				ENABLE_PREVIEWS = YES;
				GCC_WARN_ABOUT_INVALID_OFFSETOF_MACRO = NO;
				GCC_WARN_INHIBIT_ALL_WARNINGS = YES;
				GENERATE_INFOPLIST_FILE = YES;
				INFOPLIST_FILE = "Coffee-Lover-Info.plist";
				INFOPLIST_KEY_CFBundleDisplayName = "Coffee Lover";
				INFOPLIST_KEY_LSApplicationCategoryType = "public.app-category.food-and-drink";
				INFOPLIST_KEY_UIApplicationSceneManifest_Generation = YES;
				INFOPLIST_KEY_UIApplicationSupportsIndirectInputEvents = YES;
				INFOPLIST_KEY_UILaunchScreen_Generation = YES;
				INFOPLIST_KEY_UISupportedInterfaceOrientations_iPad = "UIInterfaceOrientationPortrait UIInterfaceOrientationPortraitUpsideDown UIInterfaceOrientationLandscapeLeft UIInterfaceOrientationLandscapeRight";
				INFOPLIST_KEY_UISupportedInterfaceOrientations_iPhone = "UIInterfaceOrientationPortrait UIInterfaceOrientationLandscapeLeft UIInterfaceOrientationLandscapeRight";
				LD_RUNPATH_SEARCH_PATHS = (
					"$(inherited)",
					"@executable_path/Frameworks",
				);
				MARKETING_VERSION = 1.0;
				PRODUCT_BUNDLE_IDENTIFIER = "com.CodebyCR.Coffee-Lover";
				PRODUCT_NAME = "$(TARGET_NAME)";
				SWIFT_APPROACHABLE_CONCURRENCY = YES;
				SWIFT_DEFAULT_ACTOR_ISOLATION = MainActor;
				SWIFT_EMIT_LOC_STRINGS = YES;
				SWIFT_SUPPRESS_WARNINGS = NO;
				SWIFT_VERSION = 6.0;
				TARGETED_DEVICE_FAMILY = "1,2";
			};
			name = Debug;
		};
		8E2C69892CC4F86F004B334D /* Release */ = {
			isa = XCBuildConfiguration;
			buildSettings = {
				ASSETCATALOG_COMPILER_APPICON_NAME = AppIcon;
				ASSETCATALOG_COMPILER_GLOBAL_ACCENT_COLOR_NAME = AccentColor;
				CODE_SIGN_STYLE = Automatic;
				CURRENT_PROJECT_VERSION = 1;
				DEVELOPMENT_ASSET_PATHS = "\"Coffee Lover/Preview Content\"";
				DEVELOPMENT_TEAM = 5JFNMP7X7J;
				ENABLE_PREVIEWS = YES;
				GCC_WARN_ABOUT_INVALID_OFFSETOF_MACRO = NO;
				GCC_WARN_INHIBIT_ALL_WARNINGS = YES;
				GENERATE_INFOPLIST_FILE = YES;
				INFOPLIST_FILE = "Coffee-Lover-Info.plist";
				INFOPLIST_KEY_CFBundleDisplayName = "Coffee Lover";
				INFOPLIST_KEY_LSApplicationCategoryType = "public.app-category.food-and-drink";
				INFOPLIST_KEY_UIApplicationSceneManifest_Generation = YES;
				INFOPLIST_KEY_UIApplicationSupportsIndirectInputEvents = YES;
				INFOPLIST_KEY_UILaunchScreen_Generation = YES;
				INFOPLIST_KEY_UISupportedInterfaceOrientations_iPad = "UIInterfaceOrientationPortrait UIInterfaceOrientationPortraitUpsideDown UIInterfaceOrientationLandscapeLeft UIInterfaceOrientationLandscapeRight";
				INFOPLIST_KEY_UISupportedInterfaceOrientations_iPhone = "UIInterfaceOrientationPortrait UIInterfaceOrientationLandscapeLeft UIInterfaceOrientationLandscapeRight";
				LD_RUNPATH_SEARCH_PATHS = (
					"$(inherited)",
					"@executable_path/Frameworks",
				);
				MARKETING_VERSION = 1.0;
				PRODUCT_BUNDLE_IDENTIFIER = "com.CodebyCR.Coffee-Lover";
				PRODUCT_NAME = "$(TARGET_NAME)";
				SWIFT_APPROACHABLE_CONCURRENCY = YES;
				SWIFT_DEFAULT_ACTOR_ISOLATION = MainActor;
				SWIFT_EMIT_LOC_STRINGS = YES;
				SWIFT_SUPPRESS_WARNINGS = NO;
				SWIFT_VERSION = 6.0;
				TARGETED_DEVICE_FAMILY = "1,2";
			};
			name = Release;
		};
		8E2C698E2CC4F86F004B334D /* Debug */ = {
			isa = XCBuildConfiguration;
			buildSettings = {
				CODE_SIGN_STYLE = Automatic;
				CURRENT_PROJECT_VERSION = 1;
				DEVELOPMENT_TEAM = 5JFNMP7X7J;
				GENERATE_INFOPLIST_FILE = YES;
				MARKETING_VERSION = 1.0;
				PRODUCT_BUNDLE_IDENTIFIER = "com.CodebyCR.Coffee-LoverUITests";
				PRODUCT_NAME = "$(TARGET_NAME)";
				SWIFT_EMIT_LOC_STRINGS = NO;
				SWIFT_VERSION = 5.0;
				TARGETED_DEVICE_FAMILY = "1,2";
				TEST_TARGET_NAME = "Coffee Lover";
			};
			name = Debug;
		};
		8E2C698F2CC4F86F004B334D /* Release */ = {
			isa = XCBuildConfiguration;
			buildSettings = {
				CODE_SIGN_STYLE = Automatic;
				CURRENT_PROJECT_VERSION = 1;
				DEVELOPMENT_TEAM = 5JFNMP7X7J;
				GENERATE_INFOPLIST_FILE = YES;
				MARKETING_VERSION = 1.0;
				PRODUCT_BUNDLE_IDENTIFIER = "com.CodebyCR.Coffee-LoverUITests";
				PRODUCT_NAME = "$(TARGET_NAME)";
				SWIFT_EMIT_LOC_STRINGS = NO;
				SWIFT_VERSION = 5.0;
				TARGETED_DEVICE_FAMILY = "1,2";
				TEST_TARGET_NAME = "Coffee Lover";
			};
			name = Release;
		};
/* End XCBuildConfiguration section */

/* Begin XCConfigurationList section */
		83D15C852FAF526B0037BA48 /* Build configuration list for PBXNativeTarget "Coffee LoverTests" */ = {
			isa = XCConfigurationList;
			buildConfigurations = (
				83D15C862FAF526B0037BA48 /* Debug */,
				83D15C872FAF526B0037BA48 /* Release */,
			);
			defaultConfigurationIsVisible = 0;
			defaultConfigurationName = Release;
		};
		8E2C695E2CC4F86B004B334D /* Build configuration list for PBXProject "Coffee Lover" */ = {
			isa = XCConfigurationList;
			buildConfigurations = (
				8E2C69852CC4F86F004B334D /* Debug */,
				8E2C69862CC4F86F004B334D /* Release */,
			);
			defaultConfigurationIsVisible = 0;
			defaultConfigurationName = Release;
		};
		8E2C69872CC4F86F004B334D /* Build configuration list for PBXNativeTarget "Coffee Lover" */ = {
			isa = XCConfigurationList;
			buildConfigurations = (
				8E2C69882CC4F86F004B334D /* Debug */,
				8E2C69892CC4F86F004B334D /* Release */,
			);
			defaultConfigurationIsVisible = 0;
			defaultConfigurationName = Release;
		};
		8E2C698D2CC4F86F004B334D /* Build configuration list for PBXNativeTarget "Coffee LoverUITests" */ = {
			isa = XCConfigurationList;
			buildConfigurations = (
				8E2C698E2CC4F86F004B334D /* Debug */,
				8E2C698F2CC4F86F004B334D /* Release */,
			);
			defaultConfigurationIsVisible = 0;
			defaultConfigurationName = Release;
		};
/* End XCConfigurationList section */

/* Begin XCRemoteSwiftPackageReference section */
		839B8A152FABA2B700983A02 /* XCRemoteSwiftPackageReference "coffee-kit" */ = {
			isa = XCRemoteSwiftPackageReference;
			repositoryURL = "https://github.com/CodebyCR/coffee-kit";
			requirement = {
				branch = main;
				kind = branch;
			};
		};
		83D15C8C2FAF53780037BA48 /* XCRemoteSwiftPackageReference "Harmonize" */ = {
			isa = XCRemoteSwiftPackageReference;
			repositoryURL = "https://github.com/perrystreetsoftware/Harmonize";
			requirement = {
				kind = upToNextMajorVersion;
				minimumVersion = 1.0.0;
			};
		};
/* End XCRemoteSwiftPackageReference section */

/* Begin XCSwiftPackageProductDependency section */
		839B8A162FABA2B700983A02 /* AuthenticationKit */ = {
			isa = XCSwiftPackageProductDependency;
			package = 839B8A152FABA2B700983A02 /* XCRemoteSwiftPackageReference "coffee-kit" */;
			productName = AuthenticationKit;
		};
		839B8A182FABA2B700983A02 /* FoundationKit */ = {
			isa = XCSwiftPackageProductDependency;
			package = 839B8A152FABA2B700983A02 /* XCRemoteSwiftPackageReference "coffee-kit" */;
			productName = FoundationKit;
		};
		839B8A1A2FABA2B700983A02 /* ImageKit */ = {
			isa = XCSwiftPackageProductDependency;
			package = 839B8A152FABA2B700983A02 /* XCRemoteSwiftPackageReference "coffee-kit" */;
			productName = ImageKit;
		};
		839B8A1C2FABA2B700983A02 /* OrderKit */ = {
			isa = XCSwiftPackageProductDependency;
			package = 839B8A152FABA2B700983A02 /* XCRemoteSwiftPackageReference "coffee-kit" */;
			productName = OrderKit;
		};
		839B8A1E2FABA2B700983A02 /* ProductKit */ = {
			isa = XCSwiftPackageProductDependency;
			package = 839B8A152FABA2B700983A02 /* XCRemoteSwiftPackageReference "coffee-kit" */;
			productName = ProductKit;
		};
		83D15C8D2FAF53780037BA48 /* Harmonize */ = {
			isa = XCSwiftPackageProductDependency;
			package = 83D15C8C2FAF53780037BA48 /* XCRemoteSwiftPackageReference "Harmonize" */;
			productName = Harmonize;
		};
		83D15C8F2FAF53780037BA48 /* HarmonizeSemantics */ = {
			isa = XCSwiftPackageProductDependency;
			package = 83D15C8C2FAF53780037BA48 /* XCRemoteSwiftPackageReference "Harmonize" */;
			productName = HarmonizeSemantics;
		};
		83D15C912FAF53780037BA48 /* HarmonizeUtils */ = {
			isa = XCSwiftPackageProductDependency;
			package = 83D15C8C2FAF53780037BA48 /* XCRemoteSwiftPackageReference "Harmonize" */;
			productName = HarmonizeUtils;
		};
/* End XCSwiftPackageProductDependency section */
	};
	rootObject = 8E2C695B2CC4F86B004B334D /* Project object */;
}
