// !$*UTF8*$!
{
	archiveVersion = 1;
	classes = {
	};
	objectVersion = 77;
	objects = {

/* Begin PBXBuildFile section */
		8E772C772D3585C500E6D7B5 /* Coffee-Kit in Frameworks */ = {isa = PBXBuildFile; productRef = 8E772C762D3585C500E6D7B5 /* Coffee-Kit */; };
/* End PBXBuildFile section */

/* Begin PBXBuildRule section */
		8EBBEA512D3D5749001C5637 /* PBXBuildRule */ = {
			isa = PBXBuildRule;
			compilerSpec = com.apple.compilers.proxy.script;
			fileType = folder.rkassets;
			inputFiles = (
			);
			isEditable = 1;
			outputFiles = (
			);
			script = "# realitytool\n";
		};
/* End PBXBuildRule section */

/* Begin PBXContainerItemProxy section */
		8E2C69742CC4F86F004B334D /* PBXContainerItemProxy */ = {
			isa = PBXContainerItemProxy;
			containerPortal = 8E2C695B2CC4F86B004B334D /* Project object */;
			proxyType = 1;
			remoteGlobalIDString = 8E2C69622CC4F86C004B334D;
			remoteInfo = "Coffee Lover";
		};
		8E2C697E2CC4F86F004B334D /* PBXContainerItemProxy */ = {
			isa = PBXContainerItemProxy;
			containerPortal = 8E2C695B2CC4F86B004B334D /* Project object */;
			proxyType = 1;
			remoteGlobalIDString = 8E2C69622CC4F86C004B334D;
			remoteInfo = "Coffee Lover";
		};
/* End PBXContainerItemProxy section */

/* Begin PBXFileReference section */
		8E2C69632CC4F86C004B334D /* Coffee Lover.app */ = {isa = PBXFileReference; explicitFileType = wrapper.application; includeInIndex = 0; path = "Coffee Lover.app"; sourceTree = BUILT_PRODUCTS_DIR; };
		8E2C69732CC4F86F004B334D /* Coffee LoverTests.xctest */ = {isa = PBXFileReference; explicitFileType = wrapper.cfbundle; includeInIndex = 0; path = "Coffee LoverTests.xctest"; sourceTree = BUILT_PRODUCTS_DIR; };
		8E2C697D2CC4F86F004B334D /* Coffee LoverUITests.xctest */ = {isa = PBXFileReference; explicitFileType = wrapper.cfbundle; includeInIndex = 0; path = "Coffee LoverUITests.xctest"; sourceTree = BUILT_PRODUCTS_DIR; };
/* End PBXFileReference section */

/* Begin PBXFileSystemSynchronizedRootGroup section */
		8E2C69652CC4F86C004B334D /* Coffee Lover */ = {
			isa = PBXFileSystemSynchronizedRootGroup;
			path = "Coffee Lover";
			sourceTree = "<group>";
		};
		8E2C69802CC4F86F004B334D /* Coffee LoverUITests */ = {
			isa = PBXFileSystemSynchronizedRootGroup;
			path = "Coffee LoverUITests";
			sourceTree = "<group>";
		};
/* End PBXFileSystemSynchronizedRootGroup section */

/* Begin PBXFrameworksBuildPhase section */
		8E2C69602CC4F86C004B334D /* Frameworks */ = {
			isa = PBXFrameworksBuildPhase;
			buildActionMask = 2147483647;
			files = (
				8E772C772D3585C500E6D7B5 /* Coffee-Kit in Frameworks */,
			);
			runOnlyForDeploymentPostprocessing = 0;
		};
		8E2C69702CC4F86F004B334D /* Frameworks */ = {
			isa = PBXFrameworksBuildPhase;
			buildActionMask = 2147483647;
			files = (
			);
			runOnlyForDeploymentPostprocessing = 0;
		};
		8E2C697A2CC4F86F004B334D /* Frameworks */ = {
			isa = PBXFrameworksBuildPhase;
			buildActionMask = 2147483647;
			files = (
			);
			runOnlyForDeploymentPostprocessing = 0;
		};
/* End PBXFrameworksBuildPhase section */

/* Begin PBXGroup section */
		8E2C695A2CC4F86B004B334D = {
			isa = PBXGroup;
			children = (
				8E2C69652CC4F86C004B334D /* Coffee Lover */,
				8E2C69802CC4F86F004B334D /* Coffee LoverUITests */,
				8E2C69642CC4F86C004B334D /* Products */,
			);
			sourceTree = "<group>";
		};
		8E2C69642CC4F86C004B334D /* Products */ = {
			isa = PBXGroup;
			children = (
				8E2C69632CC4F86C004B334D /* Coffee Lover.app */,
				8E2C69732CC4F86F004B334D /* Coffee LoverTests.xctest */,
				8E2C697D2CC4F86F004B334D /* Coffee LoverUITests.xctest */,
			);
			name = Products;
			sourceTree = "<group>";
		};
/* End PBXGroup section */

/* Begin PBXNativeTarget section */
		8E2C69622CC4F86C004B334D /* Coffee Lover */ = {
			isa = PBXNativeTarget;
			buildConfigurationList = 8E2C69872CC4F86F004B334D /* Build configuration list for PBXNativeTarget "Coffee Lover" */;
			buildPhases = (
				8E2C695F2CC4F86C004B334D /* Sources */,
				8E2C69602CC4F86C004B334D /* Frameworks */,
				8E2C69612CC4F86C004B334D /* Resources */,
			);
			buildRules = (
				8EBBEA512D3D5749001C5637 /* PBXBuildRule */,
			);
			dependencies = (
			);
			fileSystemSynchronizedGroups = (
				8E2C69652CC4F86C004B334D /* Coffee Lover */,
			);
			name = "Coffee Lover";
			packageProductDependencies = (
				8E772C762D3585C500E6D7B5 /* Coffee-Kit */,
			);
			productName = "Coffee Lover";
			productReference = 8E2C69632CC4F86C004B334D /* Coffee Lover.app */;
			productType = "com.apple.product-type.application";
		};
		8E2C69722CC4F86F004B334D /* Coffee LoverTests */ = {
			isa = PBXNativeTarget;
			buildConfigurationList = 8E2C698A2CC4F86F004B334D /* Build configuration list for PBXNativeTarget "Coffee LoverTests" */;
			buildPhases = (
				8E2C696F2CC4F86F004B334D /* Sources */,
				8E2C69702CC4F86F004B334D /* Frameworks */,
				8E2C69712CC4F86F004B334D /* Resources */,
			);
			buildRules = (
			);
			dependencies = (
				8E2C69752CC4F86F004B334D /* PBXTargetDependency */,
			);
			name = "Coffee LoverTests";
			packageProductDependencies = (
			);
			productName = "Coffee LoverTests";
			productReference = 8E2C69732CC4F86F004B334D /* Coffee LoverTests.xctest */;
			productType = "com.apple.product-type.bundle.unit-test";
		};
		8E2C697C2CC4F86F004B334D /* Coffee LoverUITests */ = {
			isa = PBXNativeTarget;
			buildConfigurationList = 8E2C698D2CC4F86F004B334D /* Build configuration list for PBXNativeTarget "Coffee LoverUITests" */;
			buildPhases = (
				8E2C69792CC4F86F004B334D /* Sources */,
				8E2C697A2CC4F86F004B334D /* Frameworks */,
				8E2C697B2CC4F86F004B334D /* Resources */,
			);
			buildRules = (
			);
			dependencies = (
				8E2C697F2CC4F86F004B334D /* PBXTargetDependency */,
			);
			fileSystemSynchronizedGroups = (
				8E2C69802CC4F86F004B334D /* Coffee LoverUITests */,
			);
			name = "Coffee LoverUITests";
			packageProductDependencies = (
			);
			productName = "Coffee LoverUITests";
			productReference = 8E2C697D2CC4F86F004B334D /* Coffee LoverUITests.xctest */;
			productType = "com.apple.product-type.bundle.ui-testing";
		};
/* End PBXNativeTarget section */

/* Begin PBXProject section */
		8E2C695B2CC4F86B004B334D /* Project object */ = {
			isa = PBXProject;
			attributes = {
				BuildIndependentTargetsInParallel = 1;
				LastSwiftUpdateCheck = 1600;
				LastUpgradeCheck = 1600;
				TargetAttributes = {
					8E2C69622CC4F86C004B334D = {
						CreatedOnToolsVersion = 16.0;
					};
					8E2C69722CC4F86F004B334D = {
						CreatedOnToolsVersion = 16.0;
						TestTargetID = 8E2C69622CC4F86C004B334D;
					};
					8E2C697C2CC4F86F004B334D = {
						CreatedOnToolsVersion = 16.0;
						TestTargetID = 8E2C69622CC4F86C004B334D;
					};
				};
			};
			buildConfigurationList = 8E2C695E2CC4F86B004B334D /* Build configuration list for PBXProject "Coffee Lover" */;
			developmentRegion = en;
			hasScannedForEncodings = 0;
			knownRegions = (
				en,
				Base,
			);
			mainGroup = 8E2C695A2CC4F86B004B334D;
			minimizedProjectReferenceProxies = 1;
			packageReferences = (
				8E772C752D3585C500E6D7B5 /* XCLocalSwiftPackageReference "Coffee Lover/Services/Coffee-Kit" */,
			);
			preferredProjectObjectVersion = 77;
			productRefGroup = 8E2C69642CC4F86C004B334D /* Products */;
			projectDirPath = "";
			projectRoot = "";
			targets = (
				8E2C69622CC4F86C004B334D /* Coffee Lover */,
				8E2C69722CC4F86F004B334D /* Coffee LoverTests */,
				8E2C697C2CC4F86F004B334D /* Coffee LoverUITests */,
			);
		};
/* End PBXProject section */

/* Begin PBXResourcesBuildPhase section */
		8E2C69612CC4F86C004B334D /* Resources */ = {
			isa = PBXResourcesBuildPhase;
			buildActionMask = 2147483647;
			files = (
			);
			runOnlyForDeploymentPostprocessing = 0;
		};
		8E2C69712CC4F86F004B334D /* Resources */ = {
			isa = PBXResourcesBuildPhase;
			buildActionMask = 2147483647;
			files = (
			);
			runOnlyForDeploymentPostprocessing = 0;
		};
		8E2C697B2CC4F86F004B334D /* Resources */ = {
			isa = PBXResourcesBuildPhase;
			buildActionMask = 2147483647;
			files = (
			);
			runOnlyForDeploymentPostprocessing = 0;
		};
/* End PBXResourcesBuildPhase section */

/* Begin PBXSourcesBuildPhase section */
		8E2C695F2CC4F86C004B334D /* Sources */ = {
			isa = PBXSourcesBuildPhase;
			buildActionMask = 2147483647;
			files = (
			);
			runOnlyForDeploymentPostprocessing = 0;
		};
		8E2C696F2CC4F86F004B334D /* Sources */ = {
			isa = PBXSourcesBuildPhase;
			buildActionMask = 2147483647;
			files = (
			);
			runOnlyForDeploymentPostprocessing = 0;
		};
		8E2C69792CC4F86F004B334D /* Sources */ = {
			isa = PBXSourcesBuildPhase;
			buildActionMask = 2147483647;
			files = (
			);
			runOnlyForDeploymentPostprocessing = 0;
		};
/* End PBXSourcesBuildPhase section */

/* Begin PBXTargetDependency section */
		8E2C69752CC4F86F004B334D /* PBXTargetDependency */ = {
			isa = PBXTargetDependency;
			target = 8E2C69622CC4F86C004B334D /* Coffee Lover */;
			targetProxy = 8E2C69742CC4F86F004B334D /* PBXContainerItemProxy */;
		};
		8E2C697F2CC4F86F004B334D /* PBXTargetDependency */ = {
			isa = PBXTargetDependency;
			target = 8E2C69622CC4F86C004B334D /* Coffee Lover */;
			targetProxy = 8E2C697E2CC4F86F004B334D /* PBXContainerItemProxy */;
		};
/* End PBXTargetDependency section */

/* Begin XCBuildConfiguration section */
		8E2C69852CC4F86F004B334D /* Debug */ = {
			isa = XCBuildConfiguration;
			buildSettings = {
				ALWAYS_SEARCH_USER_PATHS = NO;
				ASSETCATALOG_COMPILER_GENERATE_SWIFT_ASSET_SYMBOL_EXTENSIONS = YES;
				CLANG_ANALYZER_NONNULL = YES;
				CLANG_ANALYZER_NUMBER_OBJECT_CONVERSION = YES_AGGRESSIVE;
				CLANG_CXX_LANGUAGE_STANDARD = "gnu++20";
				CLANG_ENABLE_MODULES = YES;
				CLANG_ENABLE_OBJC_ARC = YES;
				CLANG_ENABLE_OBJC_WEAK = YES;
				CLANG_WARN_BLOCK_CAPTURE_AUTORELEASING = YES;
				CLANG_WARN_BOOL_CONVERSION = YES;
				CLANG_WARN_COMMA = YES;
				CLANG_WARN_CONSTANT_CONVERSION = YES;
				CLANG_WARN_DEPRECATED_OBJC_IMPLEMENTATIONS = YES;
				CLANG_WARN_DIRECT_OBJC_ISA_USAGE = YES_ERROR;
				CLANG_WARN_DOCUMENTATION_COMMENTS = YES;
				CLANG_WARN_EMPTY_BODY = YES;
				CLANG_WARN_ENUM_CONVERSION = YES;
				CLANG_WARN_INFINITE_RECURSION = YES;
				CLANG_WARN_INT_CONVERSION = YES;
				CLANG_WARN_NON_LITERAL_NULL_CONVERSION = YES;
				CLANG_WARN_OBJC_IMPLICIT_RETAIN_SELF = YES;
				CLANG_WARN_OBJC_LITERAL_CONVERSION = YES;
				CLANG_WARN_OBJC_ROOT_CLASS = YES_ERROR;
				CLANG_WARN_QUOTED_INCLUDE_IN_FRAMEWORK_HEADER = YES;
				CLANG_WARN_RANGE_LOOP_ANALYSIS = YES;
				CLANG_WARN_STRICT_PROTOTYPES = YES;
				CLANG_WARN_SUSPICIOUS_MOVE = YES;
				CLANG_WARN_UNGUARDED_AVAILABILITY = YES_AGGRESSIVE;
				CLANG_WARN_UNREACHABLE_CODE = YES;
				CLANG_WARN__DUPLICATE_METHOD_MATCH = YES;
				COPY_PHASE_STRIP = NO;
				DEBUG_INFORMATION_FORMAT = dwarf;
				ENABLE_STRICT_OBJC_MSGSEND = YES;
				ENABLE_TESTABILITY = YES;
				ENABLE_USER_SCRIPT_SANDBOXING = YES;
				GCC_C_LANGUAGE_STANDARD = gnu17;
				GCC_DYNAMIC_NO_PIC = NO;
				GCC_NO_COMMON_BLOCKS = YES;
				GCC_OPTIMIZATION_LEVEL = 0;
				GCC_PREPROCESSOR_DEFINITIONS = (
					"DEBUG=1",
					"$(inherited)",
				);
				GCC_WARN_64_TO_32_BIT_CONVERSION = YES;
				GCC_WARN_ABOUT_RETURN_TYPE = YES_ERROR;
				GCC_WARN_UNDECLARED_SELECTOR = YES;
				GCC_WARN_UNINITIALIZED_AUTOS = YES_AGGRESSIVE;
				GCC_WARN_UNUSED_FUNCTION = YES;
				GCC_WARN_UNUSED_VARIABLE = YES;
				IPHONEOS_DEPLOYMENT_TARGET = 18.0;
				LOCALIZATION_PREFERS_STRING_CATALOGS = YES;
				MTL_ENABLE_DEBUG_INFO = INCLUDE_SOURCE;
				MTL_FAST_MATH = YES;
				ONLY_ACTIVE_ARCH = YES;
				SDKROOT = iphoneos;
				SWIFT_ACTIVE_COMPILATION_CONDITIONS = "DEBUG $(inherited)";
				SWIFT_OPTIMIZATION_LEVEL = "-Onone";
				SWIFT_VERSION = 6.0;
			};
			name = Debug;
		};
		8E2C69862CC4F86F004B334D /* Release */ = {
			isa = XCBuildConfiguration;
			buildSettings = {
				ALWAYS_SEARCH_USER_PATHS = NO;
				ASSETCATALOG_COMPILER_GENERATE_SWIFT_ASSET_SYMBOL_EXTENSIONS = YES;
				CLANG_ANALYZER_NONNULL = YES;
				CLANG_ANALYZER_NUMBER_OBJECT_CONVERSION = YES_AGGRESSIVE;
				CLANG_CXX_LANGUAGE_STANDARD = "gnu++20";
				CLANG_ENABLE_MODULES = YES;
				CLANG_ENABLE_OBJC_ARC = YES;
				CLANG_ENABLE_OBJC_WEAK = YES;
				CLANG_WARN_BLOCK_CAPTURE_AUTORELEASING = YES;
				CLANG_WARN_BOOL_CONVERSION = YES;
				CLANG_WARN_COMMA = YES;
				CLANG_WARN_CONSTANT_CONVERSION = YES;
				CLANG_WARN_DEPRECATED_OBJC_IMPLEMENTATIONS = YES;
				CLANG_WARN_DIRECT_OBJC_ISA_USAGE = YES_ERROR;
				CLANG_WARN_DOCUMENTATION_COMMENTS = YES;
				CLANG_WARN_EMPTY_BODY = YES;
				CLANG_WARN_ENUM_CONVERSION = YES;
				CLANG_WARN_INFINITE_RECURSION = YES;
				CLANG_WARN_INT_CONVERSION = YES;
				CLANG_WARN_NON_LITERAL_NULL_CONVERSION = YES;
				CLANG_WARN_OBJC_IMPLICIT_RETAIN_SELF = YES;
				CLANG_WARN_OBJC_LITERAL_CONVERSION = YES;
				CLANG_WARN_OBJC_ROOT_CLASS = YES_ERROR;
				CLANG_WARN_QUOTED_INCLUDE_IN_FRAMEWORK_HEADER = YES;
				CLANG_WARN_RANGE_LOOP_ANALYSIS = YES;
				CLANG_WARN_STRICT_PROTOTYPES = YES;
				CLANG_WARN_SUSPICIOUS_MOVE = YES;
				CLANG_WARN_UNGUARDED_AVAILABILITY = YES_AGGRESSIVE;
				CLANG_WARN_UNREACHABLE_CODE = YES;
				CLANG_WARN__DUPLICATE_METHOD_MATCH = YES;
				COPY_PHASE_STRIP = NO;
				DEBUG_INFORMATION_FORMAT = "dwarf-with-dsym";
				ENABLE_NS_ASSERTIONS = NO;
				ENABLE_STRICT_OBJC_MSGSEND = YES;
				ENABLE_USER_SCRIPT_SANDBOXING = YES;
				GCC_C_LANGUAGE_STANDARD = gnu17;
				GCC_NO_COMMON_BLOCKS = YES;
				GCC_WARN_64_TO_32_BIT_CONVERSION = YES;
				GCC_WARN_ABOUT_RETURN_TYPE = YES_ERROR;
				GCC_WARN_UNDECLARED_SELECTOR = YES;
				GCC_WARN_UNINITIALIZED_AUTOS = YES_AGGRESSIVE;
				GCC_WARN_UNUSED_FUNCTION = YES;
				GCC_WARN_UNUSED_VARIABLE = YES;
				IPHONEOS_DEPLOYMENT_TARGET = 18.0;
				LOCALIZATION_PREFERS_STRING_CATALOGS = YES;
				MTL_ENABLE_DEBUG_INFO = NO;
				MTL_FAST_MATH = YES;
				SDKROOT = iphoneos;
				SWIFT_COMPILATION_MODE = wholemodule;
				SWIFT_VERSION = 6.0;
				VALIDATE_PRODUCT = YES;
			};
			name = Release;
		};
		8E2C69882CC4F86F004B334D /* Debug */ = {
			isa = XCBuildConfiguration;
			buildSettings = {
				ASSETCATALOG_COMPILER_APPICON_NAME = AppIcon;
				ASSETCATALOG_COMPILER_GLOBAL_ACCENT_COLOR_NAME = AccentColor;
				CODE_SIGN_STYLE = Automatic;
				CURRENT_PROJECT_VERSION = 1;
				DEVELOPMENT_ASSET_PATHS = "\"Coffee Lover/Preview Content\"";
				ENABLE_PREVIEWS = YES;
				GENERATE_INFOPLIST_FILE = YES;
				INFOPLIST_KEY_UIApplicationSceneManifest_Generation = YES;
				INFOPLIST_KEY_UIApplicationSupportsIndirectInputEvents = YES;
				INFOPLIST_KEY_UILaunchScreen_Generation = YES;
				INFOPLIST_KEY_UISupportedInterfaceOrientations_iPad = "UIInterfaceOrientationPortrait UIInterfaceOrientationPortraitUpsideDown UIInterfaceOrientationLandscapeLeft UIInterfaceOrientationLandscapeRight";
				INFOPLIST_KEY_UISupportedInterfaceOrientations_iPhone = "UIInterfaceOrientationPortrait UIInterfaceOrientationLandscapeLeft UIInterfaceOrientationLandscapeRight";
				LD_RUNPATH_SEARCH_PATHS = (
					"$(inherited)",
					"@executable_path/Frameworks",
				);
				MARKETING_VERSION = 1.0;
				PRODUCT_BUNDLE_IDENTIFIER = "com.CodebyCR.Coffee-Lover";
				PRODUCT_NAME = "$(TARGET_NAME)";
				SWIFT_EMIT_LOC_STRINGS = YES;
				SWIFT_VERSION = 6.0;
				TARGETED_DEVICE_FAMILY = "1,2";
			};
			name = Debug;
		};
		8E2C69892CC4F86F004B334D /* Release */ = {
			isa = XCBuildConfiguration;
			buildSettings = {
				ASSETCATALOG_COMPILER_APPICON_NAME = AppIcon;
				ASSETCATALOG_COMPILER_GLOBAL_ACCENT_COLOR_NAME = AccentColor;
				CODE_SIGN_STYLE = Automatic;
				CURRENT_PROJECT_VERSION = 1;
				DEVELOPMENT_ASSET_PATHS = "\"Coffee Lover/Preview Content\"";
				ENABLE_PREVIEWS = YES;
				GENERATE_INFOPLIST_FILE = YES;
				INFOPLIST_KEY_UIApplicationSceneManifest_Generation = YES;
				INFOPLIST_KEY_UIApplicationSupportsIndirectInputEvents = YES;
				INFOPLIST_KEY_UILaunchScreen_Generation = YES;
				INFOPLIST_KEY_UISupportedInterfaceOrientations_iPad = "UIInterfaceOrientationPortrait UIInterfaceOrientationPortraitUpsideDown UIInterfaceOrientationLandscapeLeft UIInterfaceOrientationLandscapeRight";
				INFOPLIST_KEY_UISupportedInterfaceOrientations_iPhone = "UIInterfaceOrientationPortrait UIInterfaceOrientationLandscapeLeft UIInterfaceOrientationLandscapeRight";
				LD_RUNPATH_SEARCH_PATHS = (
					"$(inherited)",
					"@executable_path/Frameworks",
				);
				MARKETING_VERSION = 1.0;
				PRODUCT_BUNDLE_IDENTIFIER = "com.CodebyCR.Coffee-Lover";
				PRODUCT_NAME = "$(TARGET_NAME)";
				SWIFT_EMIT_LOC_STRINGS = YES;
				SWIFT_VERSION = 6.0;
				TARGETED_DEVICE_FAMILY = "1,2";
			};
			name = Release;
		};
		8E2C698B2CC4F86F004B334D /* Debug */ = {
			isa = XCBuildConfiguration;
			buildSettings = {
				BUNDLE_LOADER = "$(TEST_HOST)";
				CODE_SIGN_STYLE = Automatic;
				CURRENT_PROJECT_VERSION = 1;
				GENERATE_INFOPLIST_FILE = YES;
				IPHONEOS_DEPLOYMENT_TARGET = 18.0;
				MARKETING_VERSION = 1.0;
				PRODUCT_BUNDLE_IDENTIFIER = "com.CodebyCR.Coffee-LoverTests";
				PRODUCT_NAME = "$(TARGET_NAME)";
				SWIFT_EMIT_LOC_STRINGS = NO;
				SWIFT_VERSION = 5.0;
				TARGETED_DEVICE_FAMILY = "1,2";
				TEST_HOST = "$(BUILT_PRODUCTS_DIR)/Coffee Lover.app/$(BUNDLE_EXECUTABLE_FOLDER_PATH)/Coffee Lover";
			};
			name = Debug;
		};
		8E2C698C2CC4F86F004B334D /* Release */ = {
			isa = XCBuildConfiguration;
			buildSettings = {
				BUNDLE_LOADER = "$(TEST_HOST)";
				CODE_SIGN_STYLE = Automatic;
				CURRENT_PROJECT_VERSION = 1;
				GENERATE_INFOPLIST_FILE = YES;
				IPHONEOS_DEPLOYMENT_TARGET = 18.0;
				MARKETING_VERSION = 1.0;
				PRODUCT_BUNDLE_IDENTIFIER = "com.CodebyCR.Coffee-LoverTests";
				PRODUCT_NAME = "$(TARGET_NAME)";
				SWIFT_EMIT_LOC_STRINGS = NO;
				SWIFT_VERSION = 5.0;
				TARGETED_DEVICE_FAMILY = "1,2";
				TEST_HOST = "$(BUILT_PRODUCTS_DIR)/Coffee Lover.app/$(BUNDLE_EXECUTABLE_FOLDER_PATH)/Coffee Lover";
			};
			name = Release;
		};
		8E2C698E2CC4F86F004B334D /* Debug */ = {
			isa = XCBuildConfiguration;
			buildSettings = {
				CODE_SIGN_STYLE = Automatic;
				CURRENT_PROJECT_VERSION = 1;
				GENERATE_INFOPLIST_FILE = YES;
				MARKETING_VERSION = 1.0;
				PRODUCT_BUNDLE_IDENTIFIER = "com.CodebyCR.Coffee-LoverUITests";
				PRODUCT_NAME = "$(TARGET_NAME)";
				SWIFT_EMIT_LOC_STRINGS = NO;
				SWIFT_VERSION = 5.0;
				TARGETED_DEVICE_FAMILY = "1,2";
				TEST_TARGET_NAME = "Coffee Lover";
			};
			name = Debug;
		};
		8E2C698F2CC4F86F004B334D /* Release */ = {
			isa = XCBuildConfiguration;
			buildSettings = {
				CODE_SIGN_STYLE = Automatic;
				CURRENT_PROJECT_VERSION = 1;
				GENERATE_INFOPLIST_FILE = YES;
				MARKETING_VERSION = 1.0;
				PRODUCT_BUNDLE_IDENTIFIER = "com.CodebyCR.Coffee-LoverUITests";
				PRODUCT_NAME = "$(TARGET_NAME)";
				SWIFT_EMIT_LOC_STRINGS = NO;
				SWIFT_VERSION = 5.0;
				TARGETED_DEVICE_FAMILY = "1,2";
				TEST_TARGET_NAME = "Coffee Lover";
			};
			name = Release;
		};
/* End XCBuildConfiguration section */

/* Begin XCConfigurationList section */
		8E2C695E2CC4F86B004B334D /* Build configuration list for PBXProject "Coffee Lover" */ = {
			isa = XCConfigurationList;
			buildConfigurations = (
				8E2C69852CC4F86F004B334D /* Debug */,
				8E2C69862CC4F86F004B334D /* Release */,
			);
			defaultConfigurationIsVisible = 0;
			defaultConfigurationName = Release;
		};
		8E2C69872CC4F86F004B334D /* Build configuration list for PBXNativeTarget "Coffee Lover" */ = {
			isa = XCConfigurationList;
			buildConfigurations = (
				8E2C69882CC4F86F004B334D /* Debug */,
				8E2C69892CC4F86F004B334D /* Release */,
			);
			defaultConfigurationIsVisible = 0;
			defaultConfigurationName = Release;
		};
		8E2C698A2CC4F86F004B334D /* Build configuration list for PBXNativeTarget "Coffee LoverTests" */ = {
			isa = XCConfigurationList;
			buildConfigurations = (
				8E2C698B2CC4F86F004B334D /* Debug */,
				8E2C698C2CC4F86F004B334D /* Release */,
			);
			defaultConfigurationIsVisible = 0;
			defaultConfigurationName = Release;
		};
		8E2C698D2CC4F86F004B334D /* Build configuration list for PBXNativeTarget "Coffee LoverUITests" */ = {
			isa = XCConfigurationList;
			buildConfigurations = (
				8E2C698E2CC4F86F004B334D /* Debug */,
				8E2C698F2CC4F86F004B334D /* Release */,
			);
			defaultConfigurationIsVisible = 0;
			defaultConfigurationName = Release;
		};
/* End XCConfigurationList section */

/* Begin XCLocalSwiftPackageReference section */
		8E772C752D3585C500E6D7B5 /* XCLocalSwiftPackageReference "Coffee Lover/Services/Coffee-Kit" */ = {
			isa = XCLocalSwiftPackageReference;
			relativePath = "Coffee Lover/Services/Coffee-Kit";
		};
/* End XCLocalSwiftPackageReference section */

/* Begin XCSwiftPackageProductDependency section */
		8E772C762D3585C500E6D7B5 /* Coffee-Kit */ = {
			isa = XCSwiftPackageProductDependency;
			productName = "Coffee-Kit";
		};
/* End XCSwiftPackageProductDependency section */
	};
	rootObject = 8E2C695B2CC4F86B004B334D /* Project object */;
}
